#MicroXplorer Configuration settings - do not modify
CAD.formats=
CAD.pinconfig=
CAD.provider=
Dma.Request0=SPI1_RX
Dma.Request1=USART1_RX
Dma.RequestsNb=2
Dma.SPI1_RX.0.Direction=DMA_PERIPH_TO_MEMORY
Dma.SPI1_RX.0.FIFOMode=DMA_FIFOMODE_DISABLE
Dma.SPI1_RX.0.Instance=DMA2_Stream0
Dma.SPI1_RX.0.MemDataAlignment=DMA_MDATAALIGN_BYTE
Dma.SPI1_RX.0.MemInc=DMA_MINC_ENABLE
Dma.SPI1_RX.0.Mode=DMA_NORMAL
Dma.SPI1_RX.0.PeriphDataAlignment=DMA_PDATAALIGN_BYTE
Dma.SPI1_RX.0.PeriphInc=DMA_PINC_DISABLE
Dma.SPI1_RX.0.Priority=DMA_PRIORITY_LOW
Dma.SPI1_RX.0.RequestParameters=Instance,Direction,PeriphInc,MemInc,PeriphDataAlignment,MemDataAlignment,Mode,Priority,FIFOMode
Dma.USART1_RX.1.Direction=DMA_PERIPH_TO_MEMORY
Dma.USART1_RX.1.FIFOMode=DMA_FIFOMODE_DISABLE
Dma.USART1_RX.1.Instance=DMA2_Stream2
Dma.USART1_RX.1.MemDataAlignment=DMA_MDATAALIGN_BYTE
Dma.USART1_RX.1.MemInc=DMA_MINC_ENABLE
Dma.USART1_RX.1.Mode=DMA_NORMAL
Dma.USART1_RX.1.PeriphDataAlignment=DMA_PDATAALIGN_BYTE
Dma.USART1_RX.1.PeriphInc=DMA_PINC_DISABLE
Dma.USART1_RX.1.Priority=DMA_PRIORITY_LOW
Dma.USART1_RX.1.RequestParameters=Instance,Direction,PeriphInc,MemInc,PeriphDataAlignment,MemDataAlignment,Mode,Priority,FIFOMode
File.Version=6
GPIO.groupedBy=Group By Peripherals
KeepUserPlacement=false
Mcu.CPN=STM32F407VET6
Mcu.Family=STM32F4
Mcu.IP0=DMA
Mcu.IP1=NVIC
Mcu.IP10=TIM3
Mcu.IP11=TIM4
Mcu.IP12=USART1
Mcu.IP13=USART2
Mcu.IP14=USART3
Mcu.IP15=USB_OTG_FS
Mcu.IP2=RCC
Mcu.IP3=RTC
Mcu.IP4=SPI1
Mcu.IP5=SPI2
Mcu.IP6=SPI3
Mcu.IP7=SYS
Mcu.IP8=TIM1
Mcu.IP9=TIM2
Mcu.IPNb=16
Mcu.Name=STM32F407V(E-G)Tx
Mcu.Package=LQFP100
Mcu.Pin0=PC14-OSC32_IN
Mcu.Pin1=PC15-OSC32_OUT
Mcu.Pin10=PA2
Mcu.Pin11=PA3
Mcu.Pin12=PA5
Mcu.Pin13=PA6
Mcu.Pin14=PA7
Mcu.Pin15=PC4
Mcu.Pin16=PC5
Mcu.Pin17=PB0
Mcu.Pin18=PB1
Mcu.Pin19=PB2
Mcu.Pin2=PH0-OSC_IN
Mcu.Pin20=PE7
Mcu.Pin21=PE8
Mcu.Pin22=PE9
Mcu.Pin23=PE10
Mcu.Pin24=PE11
Mcu.Pin25=PE12
Mcu.Pin26=PE13
Mcu.Pin27=PE14
Mcu.Pin28=PE15
Mcu.Pin29=PB10
Mcu.Pin3=PH1-OSC_OUT
Mcu.Pin30=PB11
Mcu.Pin31=PB15
Mcu.Pin32=PD8
Mcu.Pin33=PD12
Mcu.Pin34=PD13
Mcu.Pin35=PC6
Mcu.Pin36=PC7
Mcu.Pin37=PC9
Mcu.Pin38=PA9
Mcu.Pin39=PA10
Mcu.Pin4=PC0
Mcu.Pin40=PA11
Mcu.Pin41=PA12
Mcu.Pin42=PA13
Mcu.Pin43=PA14
Mcu.Pin44=PC10
Mcu.Pin45=PC11
Mcu.Pin46=PC12
Mcu.Pin47=PD0
Mcu.Pin48=PD1
Mcu.Pin49=PD2
Mcu.Pin5=PC1
Mcu.Pin50=PD3
Mcu.Pin51=PD4
Mcu.Pin52=PD5
Mcu.Pin53=PD6
Mcu.Pin54=PD7
Mcu.Pin55=PB3
Mcu.Pin56=PB4
Mcu.Pin57=PB7
Mcu.Pin58=VP_RTC_VS_RTC_Activate
Mcu.Pin59=VP_SYS_VS_Systick
Mcu.Pin6=PC2
Mcu.Pin60=VP_TIM1_VS_ClockSourceINT
Mcu.Pin61=VP_TIM2_VS_ClockSourceINT
Mcu.Pin7=PC3
Mcu.Pin8=PA0-WKUP
Mcu.Pin9=PA1
Mcu.PinsNb=62
Mcu.ThirdParty0=STMicroelectronics.X-CUBE-ALGOBUILD.1.4.0
Mcu.ThirdPartyNb=1
Mcu.UserConstants=
Mcu.UserName=STM32F407VETx
MxCube.Version=6.9.2
MxDb.Version=DB.6.0.92
NVIC.BusFault_IRQn=true\:0\:0\:false\:false\:true\:false\:false\:false
NVIC.DMA2_Stream0_IRQn=true\:0\:0\:false\:false\:true\:false\:true\:true
NVIC.DMA2_Stream2_IRQn=true\:0\:0\:false\:false\:true\:false\:true\:true
NVIC.DebugMonitor_IRQn=true\:0\:0\:false\:false\:true\:false\:false\:false
NVIC.ForceEnableDMAVector=true
NVIC.HardFault_IRQn=true\:0\:0\:false\:false\:true\:false\:false\:false
NVIC.MemoryManagement_IRQn=true\:0\:0\:false\:false\:true\:false\:false\:false
NVIC.NonMaskableInt_IRQn=true\:0\:0\:false\:false\:true\:false\:false\:false
NVIC.PendSV_IRQn=true\:0\:0\:false\:false\:true\:false\:false\:false
NVIC.PriorityGroup=NVIC_PRIORITYGROUP_4
NVIC.SVCall_IRQn=true\:0\:0\:false\:false\:true\:false\:false\:false
NVIC.SysTick_IRQn=true\:15\:0\:false\:false\:true\:false\:true\:false
NVIC.TIM3_IRQn=true\:0\:0\:false\:false\:true\:true\:true\:true
NVIC.TIM4_IRQn=true\:0\:0\:false\:false\:true\:true\:true\:true
NVIC.USART1_IRQn=true\:0\:0\:false\:false\:true\:true\:true\:true
NVIC.UsageFault_IRQn=true\:0\:0\:false\:false\:true\:false\:false\:false
PA0-WKUP.Signal=S_TIM2_CH1_ETR
PA1.GPIOParameters=GPIO_Label
PA1.GPIO_Label=nBREAK
PA1.Locked=true
PA1.Signal=GPIO_Output
PA10.Mode=OTG/Dual_Role_Device
PA10.Signal=USB_OTG_FS_ID
PA11.Mode=OTG/Dual_Role_Device
PA11.Signal=USB_OTG_FS_DM
PA12.Mode=OTG/Dual_Role_Device
PA12.Signal=USB_OTG_FS_DP
PA13.Mode=Serial_Wire
PA13.Signal=SYS_JTMS-SWDIO
PA14.Mode=Serial_Wire
PA14.Signal=SYS_JTCK-SWCLK
PA2.Mode=Asynchronous
PA2.Signal=USART2_TX
PA3.Mode=Asynchronous
PA3.Signal=USART2_RX
PA5.Mode=Full_Duplex_Master
PA5.Signal=SPI1_SCK
PA6.Mode=Full_Duplex_Master
PA6.Signal=SPI1_MISO
PA7.Mode=Full_Duplex_Master
PA7.Signal=SPI1_MOSI
PA9.Mode=Asynchronous
PA9.Signal=USART1_TX
PB0.GPIOParameters=PinState,GPIO_Label
PB0.GPIO_Label=FLASH_nCS1
PB0.Locked=true
PB0.PinState=GPIO_PIN_SET
PB0.Signal=GPIO_Output
PB1.GPIOParameters=PinState,GPIO_Label
PB1.GPIO_Label=FLASH_nW
PB1.Locked=true
PB1.PinState=GPIO_PIN_SET
PB1.Signal=GPIO_Output
PB10.Mode=TX_Only_Simplex_Unidirect_Master
PB10.Signal=SPI2_SCK
PB11.Mode=Asynchronous
PB11.Signal=USART3_RX
PB15.GPIOParameters=PinState,GPIO_Label
PB15.GPIO_Label=EXTPROC_SPI2_ADC_CS3
PB15.Locked=true
PB15.PinState=GPIO_PIN_SET
PB15.Signal=GPIO_Output
PB2.GPIOParameters=GPIO_Label
PB2.GPIO_Label=DC
PB2.Locked=true
PB2.Signal=GPIO_Output
PB3.GPIOParameters=PinState,GPIO_Label
PB3.GPIO_Label=DO_ctrl_1
PB3.Locked=true
PB3.PinState=GPIO_PIN_SET
PB3.Signal=GPIO_Output
PB4.GPIOParameters=PinState,GPIO_Label
PB4.GPIO_Label=DO_ctrl_0
PB4.Locked=true
PB4.PinState=GPIO_PIN_SET
PB4.Signal=GPIO_Output
PB7.Mode=Asynchronous
PB7.Signal=USART1_RX
PC0.GPIOParameters=GPIO_Label
PC0.GPIO_Label=ENABLE
PC0.Locked=true
PC0.Signal=GPIO_Output
PC1.GPIOParameters=GPIO_Label
PC1.GPIO_Label=MFAULT
PC1.Locked=true
PC1.Signal=GPIO_Input
PC10.Mode=Full_Duplex_Master
PC10.Signal=SPI3_SCK
PC11.Mode=Full_Duplex_Master
PC11.Signal=SPI3_MISO
PC12.Mode=Full_Duplex_Master
PC12.Signal=SPI3_MOSI
PC14-OSC32_IN.Mode=LSE-External-Oscillator
PC14-OSC32_IN.Signal=RCC_OSC32_IN
PC15-OSC32_OUT.Mode=LSE-External-Oscillator
PC15-OSC32_OUT.Signal=RCC_OSC32_OUT
PC2.GPIOParameters=GPIO_Label
PC2.GPIO_Label=DIR
PC2.Locked=true
PC2.Signal=GPIO_Output
PC3.Mode=TX_Only_Simplex_Unidirect_Master
PC3.Signal=SPI2_MOSI
PC4.GPIOParameters=GPIO_Label
PC4.GPIO_Label=LATCH_AO
PC4.Locked=true
PC4.Signal=GPIO_Output
PC5.GPIOParameters=GPIO_Label
PC5.GPIO_Label=BL
PC5.Locked=true
PC5.Signal=GPIO_Output
PC6.Signal=S_TIM3_CH1
PC7.Signal=S_TIM3_CH2
PC9.GPIOParameters=GPIO_Speed,PinState,GPIO_Label
PC9.GPIO_Label=CS
PC9.GPIO_Speed=GPIO_SPEED_FREQ_HIGH
PC9.Locked=true
PC9.PinState=GPIO_PIN_SET
PC9.Signal=GPIO_Output
PD0.GPIOParameters=GPIO_Label
PD0.GPIO_Label=DI_IN0
PD0.Locked=true
PD0.Signal=GPIO_Input
PD1.GPIOParameters=GPIO_Label
PD1.GPIO_Label=DI_IN1
PD1.Locked=true
PD1.Signal=GPIO_Input
PD12.Signal=S_TIM4_CH1
PD13.Signal=S_TIM4_CH2
PD2.GPIOParameters=GPIO_Label
PD2.GPIO_Label=DI_IN2
PD2.Locked=true
PD2.Signal=GPIO_Input
PD3.GPIOParameters=GPIO_Label
PD3.GPIO_Label=DI_IN3
PD3.Locked=true
PD3.Signal=GPIO_Input
PD4.GPIOParameters=GPIO_Label
PD4.GPIO_Label=DI_IN4
PD4.Locked=true
PD4.Signal=GPIO_Input
PD5.GPIOParameters=GPIO_Label
PD5.GPIO_Label=MEZ
PD5.Locked=true
PD5.Signal=GPIO_Input
PD6.GPIOParameters=GPIO_Label
PD6.GPIO_Label=DI_IN5
PD6.Locked=true
PD6.Signal=GPIO_Input
PD7.GPIOParameters=GPIO_Label
PD7.GPIO_Label=DI_IN6
PD7.Locked=true
PD7.Signal=GPIO_Input
PD8.Mode=Asynchronous
PD8.Signal=USART3_TX
PE10.GPIOParameters=GPIO_Label
PE10.GPIO_Label=FAULT
PE10.Locked=true
PE10.Signal=GPIO_Output
PE11.GPIOParameters=GPIO_Label
PE11.GPIO_Label=WARN
PE11.Locked=true
PE11.Signal=GPIO_Output
PE12.GPIOParameters=GPIO_Label
PE12.GPIO_Label=RUN
PE12.Locked=true
PE12.Signal=GPIO_Input
PE13.GPIOParameters=GPIO_Label,GPIO_ModeDefaultEXTI
PE13.GPIO_Label=SW2
PE13.GPIO_ModeDefaultEXTI=GPIO_MODE_IT_FALLING
PE13.Locked=true
PE13.Signal=GPXTI13
PE14.GPIOParameters=GPIO_Label,GPIO_ModeDefaultEXTI
PE14.GPIO_Label=SW1
PE14.GPIO_ModeDefaultEXTI=GPIO_MODE_IT_FALLING
PE14.Locked=true
PE14.Signal=GPXTI14
PE15.GPIOParameters=GPIO_Label,GPIO_ModeDefaultEXTI
PE15.GPIO_Label=KEYSW
PE15.GPIO_ModeDefaultEXTI=GPIO_MODE_IT_FALLING
PE15.Locked=true
PE15.Signal=GPXTI15
PE7.GPIOParameters=GPIO_Label
PE7.GPIO_Label=TE
PE7.Locked=true
PE7.Signal=GPIO_Input
PE8.GPIOParameters=GPIO_Label
PE8.GPIO_Label=RESX
PE8.Locked=true
PE8.Signal=GPIO_Output
PE9.Signal=S_TIM1_CH1
PH0-OSC_IN.Mode=HSE-External-Oscillator
PH0-OSC_IN.Signal=RCC_OSC_IN
PH1-OSC_OUT.Mode=HSE-External-Oscillator
PH1-OSC_OUT.Signal=RCC_OSC_OUT
PinOutPanel.RotationAngle=0
ProjectManager.AskForMigrate=true
ProjectManager.BackupPrevious=false
ProjectManager.CompilerLinker=GCC
ProjectManager.CompilerOptimize=6
ProjectManager.ComputerToolchain=false
ProjectManager.CoupleFile=false
ProjectManager.CustomerFirmwarePackage=
ProjectManager.DefaultFWLocation=true
ProjectManager.DeletePrevious=true
ProjectManager.DeviceId=STM32F407VETx
ProjectManager.FirmwarePackage=STM32Cube FW_F4 V1.27.1
ProjectManager.FreePins=false
ProjectManager.HalAssertFull=false
ProjectManager.HeapSize=0x200
ProjectManager.KeepUserCode=true
ProjectManager.LastFirmware=true
ProjectManager.LibraryCopy=0
ProjectManager.MainLocation=Core/Src
ProjectManager.NoMain=false
ProjectManager.PreviousToolchain=
ProjectManager.ProjectBuild=false
ProjectManager.ProjectFileName=f407.ioc
ProjectManager.ProjectName=f407
ProjectManager.ProjectStructure=
ProjectManager.RegisterCallBack=
ProjectManager.StackSize=0x400
ProjectManager.TargetToolchain=MDK-ARM V5.32
ProjectManager.ToolChainLocation=
ProjectManager.UAScriptAfterPath=
ProjectManager.UAScriptBeforePath=
ProjectManager.UnderRoot=false
ProjectManager.functionlistsort=1-SystemClock_Config-RCC-false-HAL-false,2-MX_GPIO_Init-GPIO-false-HAL-true,3-MX_DMA_Init-DMA-false-HAL-true,4-MX_RTC_Init-RTC-false-HAL-true,5-MX_SPI1_Init-SPI1-false-HAL-true,6-MX_SPI2_Init-SPI2-false-HAL-true,7-MX_SPI3_Init-SPI3-false-HAL-true,8-MX_TIM1_Init-TIM1-false-HAL-true,9-MX_TIM2_Init-TIM2-false-HAL-true,10-MX_TIM3_Init-TIM3-false-HAL-true,11-MX_TIM4_Init-TIM4-false-HAL-true,12-MX_USART1_UART_Init-USART1-false-HAL-true,13-MX_USART2_UART_Init-USART2-false-HAL-true,14-MX_USART3_UART_Init-USART3-false-HAL-true,15-MX_USB_OTG_FS_USB_Init-USB_OTG_FS-false-HAL-true
RCC.48MHZClocksFreq_Value=48000000
RCC.AHBFreq_Value=168000000
RCC.APB1CLKDivider=RCC_HCLK_DIV4
RCC.APB1Freq_Value=42000000
RCC.APB1TimFreq_Value=84000000
RCC.APB2CLKDivider=RCC_HCLK_DIV2
RCC.APB2Freq_Value=84000000
RCC.APB2TimFreq_Value=168000000
RCC.CortexFreq_Value=168000000
RCC.EthernetFreq_Value=168000000
RCC.FCLKCortexFreq_Value=168000000
RCC.FamilyName=M
RCC.HCLKFreq_Value=168000000
RCC.HSE_VALUE=8000000
RCC.HSI_VALUE=16000000
RCC.I2SClocksFreq_Value=192000000
RCC.IPParameters=48MHZClocksFreq_Value,AHBFreq_Value,APB1CLKDivider,APB1Freq_Value,APB1TimFreq_Value,APB2CLKDivider,APB2Freq_Value,APB2TimFreq_Value,CortexFreq_Value,EthernetFreq_Value,FCLKCortexFreq_Value,FamilyName,HCLKFreq_Value,HSE_VALUE,HSI_VALUE,I2SClocksFreq_Value,LSI_VALUE,MCO2PinFreq_Value,PLLCLKFreq_Value,PLLM,PLLN,PLLQ,PLLQCLKFreq_Value,RTCFreq_Value,RTCHSEDivFreq_Value,SYSCLKFreq_VALUE,SYSCLKSource,VCOI2SOutputFreq_Value,VCOInputFreq_Value,VCOOutputFreq_Value,VcooutputI2S
RCC.LSI_VALUE=32000
RCC.MCO2PinFreq_Value=168000000
RCC.PLLCLKFreq_Value=168000000
RCC.PLLM=4
RCC.PLLN=168
RCC.PLLQ=7
RCC.PLLQCLKFreq_Value=48000000
RCC.RTCFreq_Value=32000
RCC.RTCHSEDivFreq_Value=4000000
RCC.SYSCLKFreq_VALUE=168000000
RCC.SYSCLKSource=RCC_SYSCLKSOURCE_PLLCLK
RCC.VCOI2SOutputFreq_Value=384000000
RCC.VCOInputFreq_Value=2000000
RCC.VCOOutputFreq_Value=336000000
RCC.VcooutputI2S=192000000
SH.GPXTI13.0=GPIO_EXTI13
SH.GPXTI13.ConfNb=1
SH.GPXTI14.0=GPIO_EXTI14
SH.GPXTI14.ConfNb=1
SH.GPXTI15.0=GPIO_EXTI15
SH.GPXTI15.ConfNb=1
SH.S_TIM1_CH1.0=TIM1_CH1,PWM Generation1 CH1
SH.S_TIM1_CH1.ConfNb=1
SH.S_TIM2_CH1_ETR.0=TIM2_CH1,Input_Capture1_from_TI1
SH.S_TIM2_CH1_ETR.ConfNb=1
SH.S_TIM3_CH1.0=TIM3_CH1,Encoder_Interface
SH.S_TIM3_CH1.ConfNb=1
SH.S_TIM3_CH2.0=TIM3_CH2,Encoder_Interface
SH.S_TIM3_CH2.ConfNb=1
SH.S_TIM4_CH1.0=TIM4_CH1,Encoder_Interface
SH.S_TIM4_CH1.ConfNb=1
SH.S_TIM4_CH2.0=TIM4_CH2,Encoder_Interface
SH.S_TIM4_CH2.ConfNb=1
SPI1.BaudRatePrescaler=SPI_BAUDRATEPRESCALER_8
SPI1.CLKPhase=SPI_PHASE_2EDGE
SPI1.CalculateBaudRate=10.5 MBits/s
SPI1.Direction=SPI_DIRECTION_2LINES
SPI1.IPParameters=VirtualType,Mode,Direction,CalculateBaudRate,BaudRatePrescaler,CLKPhase
SPI1.Mode=SPI_MODE_MASTER
SPI1.VirtualType=VM_MASTER
SPI2.BaudRatePrescaler=SPI_BAUDRATEPRESCALER_8
SPI2.CalculateBaudRate=5.25 MBits/s
SPI2.Direction=SPI_DIRECTION_2LINES
SPI2.IPParameters=VirtualType,Mode,Direction,CalculateBaudRate,BaudRatePrescaler
SPI2.Mode=SPI_MODE_MASTER
SPI2.VirtualType=VM_MASTER
SPI3.BaudRatePrescaler=SPI_BAUDRATEPRESCALER_4
SPI3.CLKPolarity=SPI_POLARITY_HIGH
SPI3.CalculateBaudRate=10.5 MBits/s
SPI3.Direction=SPI_DIRECTION_2LINES
SPI3.IPParameters=VirtualType,Mode,Direction,CalculateBaudRate,BaudRatePrescaler,CLKPolarity
SPI3.Mode=SPI_MODE_MASTER
SPI3.VirtualType=VM_MASTER
STMicroelectronics.X-CUBE-ALGOBUILD.1.4.0_SwParameter=LibraryCcDSPOoLibraryJjDSPOoLibrary\:true;
TIM1.Channel-PWM\ Generation1\ CH1=TIM_CHANNEL_1
TIM1.IPParameters=Channel-PWM Generation1 CH1
TIM2.Channel-Input_Capture1_from_TI1=TIM_CHANNEL_1
TIM2.IPParameters=Channel-Input_Capture1_from_TI1
TIM3.EncoderMode=TIM_ENCODERMODE_TI12
TIM3.IC1Filter=4
TIM3.IC2Filter=4
TIM3.IPParameters=EncoderMode,IC1Filter,IC2Filter
TIM4.EncoderMode=TIM_ENCODERMODE_TI12
TIM4.IC1Filter=4
TIM4.IPParameters=EncoderMode,IC1Filter
USART1.IPParameters=VirtualMode
USART1.VirtualMode=VM_ASYNC
USART2.IPParameters=VirtualMode
USART2.VirtualMode=VM_ASYNC
USART3.IPParameters=VirtualMode
USART3.VirtualMode=VM_ASYNC
VP_RTC_VS_RTC_Activate.Mode=RTC_Enabled
VP_RTC_VS_RTC_Activate.Signal=RTC_VS_RTC_Activate
VP_SYS_VS_Systick.Mode=SysTick
VP_SYS_VS_Systick.Signal=SYS_VS_Systick
VP_TIM1_VS_ClockSourceINT.Mode=Internal
VP_TIM1_VS_ClockSourceINT.Signal=TIM1_VS_ClockSourceINT
VP_TIM2_VS_ClockSourceINT.Mode=Internal
VP_TIM2_VS_ClockSourceINT.Signal=TIM2_VS_ClockSourceINT
board=custom
